
Microsoft Visual Studio Solution File, Format Version 12.00
# Visual Studio Version 17
VisualStudioVersion = 17.5.33414.496
MinimumVisualStudioVersion = 10.0.40219.1
Project("{FAE04EC0-301F-11D3-BF4B-00C04F79EFBC}") = "MatchingGame", "MatchingGame\MatchingGame.csproj", "{2AD40584-5F83-45AE-82FB-D2A8C5D50537}"
EndProject
Global
	GlobalSection(SolutionConfigurationPlatforms) = preSolution
		Debug|Any CPU = Debug|Any CPU
		Release|Any CPU = Release|Any CPU
	EndGlobalSection
	GlobalSection(ProjectConfigurationPlatforms) = postSolution
		{2AD40584-5F83-45AE-82FB-D2A8C5D50537}.Debug|Any CPU.ActiveCfg = Debug|Any CPU
		{2AD40584-5F83-45AE-82FB-D2A8C5D50537}.Debug|Any CPU.Build.0 = Debug|Any CPU
		{2AD40584-5F83-45AE-82FB-D2A8C5D50537}.Release|Any CPU.ActiveCfg = Release|Any CPU
		{2AD40584-5F83-45AE-82FB-D2A8C5D50537}.Release|Any CPU.Build.0 = Release|Any CPU
	EndGlobalSection
	GlobalSection(SolutionProperties) = preSolution
		HideSolutionNode = FALSE
	EndGlobalSection
	GlobalSection(ExtensibilityGlobals) = postSolution
		SolutionGuid = {29CCEA42-66AB-4AEC-A5A7-A1A75F069A2F}
	EndGlobalSection
EndGlobal
